
Microsoft Visual Studio Solution File, Format Version 12.00
Project("{FAE04EC0-301F-11D3-BF4B-00C04F79EFBC}") = "FindMyEmployeBack", "FindMyEmployeBack\FindMyEmployeBack.csproj", "{97974848-5CB2-40FC-9F60-AFAE3C051A89}"
EndProject
Global
	GlobalSection(SolutionConfigurationPlatforms) = preSolution
		Debug|Any CPU = Debug|Any CPU
		Release|Any CPU = Release|Any CPU
	EndGlobalSection
	GlobalSection(ProjectConfigurationPlatforms) = postSolution
		{97974848-5CB2-40FC-9F60-AFAE3C051A89}.Debug|Any CPU.ActiveCfg = Debug|Any CPU
		{97974848-5CB2-40FC-9F60-AFAE3C051A89}.Debug|Any CPU.Build.0 = Debug|Any CPU
		{97974848-5CB2-40FC-9F60-AFAE3C051A89}.Release|Any CPU.ActiveCfg = Release|Any CPU
		{97974848-5CB2-40FC-9F60-AFAE3C051A89}.Release|Any CPU.Build.0 = Release|Any CPU
	EndGlobalSection
EndGlobal
